// !$*UTF8*$!
{
	archiveVersion = 1;
	classes = {
	};
	objectVersion = 56;
	objects = {

/* Begin PBXBuildFile section */
		257D2D89293047BD00F3A777 /* CountieApp.swift in Sources */ = {isa = PBXBuildFile; fileRef = 257D2D88293047BD00F3A777 /* CountieApp.swift */; };
		257D2D8B293047BD00F3A777 /* ContentView.swift in Sources */ = {isa = PBXBuildFile; fileRef = 257D2D8A293047BD00F3A777 /* ContentView.swift */; };
		257D2D8D293047BF00F3A777 /* Assets.xcassets in Resources */ = {isa = PBXBuildFile; fileRef = 257D2D8C293047BF00F3A777 /* Assets.xcassets */; };
		257D2D90293047BF00F3A777 /* Preview Assets.xcassets in Resources */ = {isa = PBXBuildFile; fileRef = 257D2D8F293047BF00F3A777 /* Preview Assets.xcassets */; };
		257D2D9D293047E900F3A777 /* WidgetKit.framework in Frameworks */ = {isa = PBXBuildFile; fileRef = 257D2D9C293047E900F3A777 /* WidgetKit.framework */; };
		257D2D9F293047E900F3A777 /* SwiftUI.framework in Frameworks */ = {isa = PBXBuildFile; fileRef = 257D2D9E293047E900F3A777 /* SwiftUI.framework */; };
		257D2DA2293047E900F3A777 /* CountieWidgetBundle.swift in Sources */ = {isa = PBXBuildFile; fileRef = 257D2DA1293047E900F3A777 /* CountieWidgetBundle.swift */; };
		257D2DA4293047E900F3A777 /* CountieWidget.swift in Sources */ = {isa = PBXBuildFile; fileRef = 257D2DA3293047E900F3A777 /* CountieWidget.swift */; };
		257D2DA6293047F100F3A777 /* Assets.xcassets in Resources */ = {isa = PBXBuildFile; fileRef = 257D2DA5293047F100F3A777 /* Assets.xcassets */; };
		257D2DAA293047F100F3A777 /* CountieWidgetExtension.appex in Embed Foundation Extensions */ = {isa = PBXBuildFile; fileRef = 257D2D9A293047E900F3A777 /* CountieWidgetExtension.appex */; settings = {ATTRIBUTES = (RemoveHeadersOnCopy, ); }; };
/* End PBXBuildFile section */

/* Begin PBXContainerItemProxy section */
		257D2DA8293047F100F3A777 /* PBXContainerItemProxy */ = {
			isa = PBXContainerItemProxy;
			containerPortal = 257D2D7D293047BD00F3A777 /* Project object */;
			proxyType = 1;
			remoteGlobalIDString = 257D2D99293047E900F3A777;
			remoteInfo = CountieWidgetExtension;
		};
/* End PBXContainerItemProxy section */

/* Begin PBXCopyFilesBuildPhase section */
		257D2DAE293047F100F3A777 /* Embed Foundation Extensions */ = {
			isa = PBXCopyFilesBuildPhase;
			buildActionMask = 2147483647;
			dstPath = "";
			dstSubfolderSpec = 13;
			files = (
				257D2DAA293047F100F3A777 /* CountieWidgetExtension.appex in Embed Foundation Extensions */,
			);
			name = "Embed Foundation Extensions";
			runOnlyForDeploymentPostprocessing = 0;
		};
/* End PBXCopyFilesBuildPhase section */

/* Begin PBXFileReference section */
		257D2D85293047BD00F3A777 /* Countie.app */ = {isa = PBXFileReference; explicitFileType = wrapper.application; includeInIndex = 0; path = Countie.app; sourceTree = BUILT_PRODUCTS_DIR; };
		257D2D88293047BD00F3A777 /* CountieApp.swift */ = {isa = PBXFileReference; lastKnownFileType = sourcecode.swift; path = CountieApp.swift; sourceTree = "<group>"; };
		257D2D8A293047BD00F3A777 /* ContentView.swift */ = {isa = PBXFileReference; lastKnownFileType = sourcecode.swift; path = ContentView.swift; sourceTree = "<group>"; };
		257D2D8C293047BF00F3A777 /* Assets.xcassets */ = {isa = PBXFileReference; lastKnownFileType = folder.assetcatalog; path = Assets.xcassets; sourceTree = "<group>"; };
		257D2D8F293047BF00F3A777 /* Preview Assets.xcassets */ = {isa = PBXFileReference; lastKnownFileType = folder.assetcatalog; path = "Preview Assets.xcassets"; sourceTree = "<group>"; };
		257D2D9A293047E900F3A777 /* CountieWidgetExtension.appex */ = {isa = PBXFileReference; explicitFileType = "wrapper.app-extension"; includeInIndex = 0; path = CountieWidgetExtension.appex; sourceTree = BUILT_PRODUCTS_DIR; };
		257D2D9C293047E900F3A777 /* WidgetKit.framework */ = {isa = PBXFileReference; lastKnownFileType = wrapper.framework; name = WidgetKit.framework; path = System/Library/Frameworks/WidgetKit.framework; sourceTree = SDKROOT; };
		257D2D9E293047E900F3A777 /* SwiftUI.framework */ = {isa = PBXFileReference; lastKnownFileType = wrapper.framework; name = SwiftUI.framework; path = System/Library/Frameworks/SwiftUI.framework; sourceTree = SDKROOT; };
		257D2DA1293047E900F3A777 /* CountieWidgetBundle.swift */ = {isa = PBXFileReference; lastKnownFileType = sourcecode.swift; path = CountieWidgetBundle.swift; sourceTree = "<group>"; };
		257D2DA3293047E900F3A777 /* CountieWidget.swift */ = {isa = PBXFileReference; lastKnownFileType = sourcecode.swift; path = CountieWidget.swift; sourceTree = "<group>"; };
		257D2DA5293047F100F3A777 /* Assets.xcassets */ = {isa = PBXFileReference; lastKnownFileType = folder.assetcatalog; path = Assets.xcassets; sourceTree = "<group>"; };
		257D2DA7293047F100F3A777 /* Info.plist */ = {isa = PBXFileReference; lastKnownFileType = text.plist.xml; path = Info.plist; sourceTree = "<group>"; };
		257D2DE229309E4000F3A777 /* Countie.entitlements */ = {isa = PBXFileReference; lastKnownFileType = text.plist.entitlements; path = Countie.entitlements; sourceTree = "<group>"; };
		257D2DE329309EF500F3A777 /* CountieWidgetExtension.entitlements */ = {isa = PBXFileReference; lastKnownFileType = text.plist.entitlements; path = CountieWidgetExtension.entitlements; sourceTree = "<group>"; };
/* End PBXFileReference section */

/* Begin PBXFrameworksBuildPhase section */
		257D2D82293047BD00F3A777 /* Frameworks */ = {
			isa = PBXFrameworksBuildPhase;
			buildActionMask = 2147483647;
			files = (
			);
			runOnlyForDeploymentPostprocessing = 0;
		};
		257D2D97293047E900F3A777 /* Frameworks */ = {
			isa = PBXFrameworksBuildPhase;
			buildActionMask = 2147483647;
			files = (
				257D2D9F293047E900F3A777 /* SwiftUI.framework in Frameworks */,
				257D2D9D293047E900F3A777 /* WidgetKit.framework in Frameworks */,
			);
			runOnlyForDeploymentPostprocessing = 0;
		};
/* End PBXFrameworksBuildPhase section */

/* Begin PBXGroup section */
		257D2D7C293047BD00F3A777 = {
			isa = PBXGroup;
			children = (
				257D2DE329309EF500F3A777 /* CountieWidgetExtension.entitlements */,
				257D2D87293047BD00F3A777 /* Countie */,
				257D2DA0293047E900F3A777 /* CountieWidget */,
				257D2D9B293047E900F3A777 /* Frameworks */,
				257D2D86293047BD00F3A777 /* Products */,
			);
			sourceTree = "<group>";
		};
		257D2D86293047BD00F3A777 /* Products */ = {
			isa = PBXGroup;
			children = (
				257D2D85293047BD00F3A777 /* Countie.app */,
				257D2D9A293047E900F3A777 /* CountieWidgetExtension.appex */,
			);
			name = Products;
			sourceTree = "<group>";
		};
		257D2D87293047BD00F3A777 /* Countie */ = {
			isa = PBXGroup;
			children = (
				257D2DE229309E4000F3A777 /* Countie.entitlements */,
				257D2D88293047BD00F3A777 /* CountieApp.swift */,
				257D2D8A293047BD00F3A777 /* ContentView.swift */,
				257D2D8C293047BF00F3A777 /* Assets.xcassets */,
				257D2D8E293047BF00F3A777 /* Preview Content */,
			);
			path = Countie;
			sourceTree = "<group>";
		};
		257D2D8E293047BF00F3A777 /* Preview Content */ = {
			isa = PBXGroup;
			children = (
				257D2D8F293047BF00F3A777 /* Preview Assets.xcassets */,
			);
			path = "Preview Content";
			sourceTree = "<group>";
		};
		257D2D9B293047E900F3A777 /* Frameworks */ = {
			isa = PBXGroup;
			children = (
				257D2D9C293047E900F3A777 /* WidgetKit.framework */,
				257D2D9E293047E900F3A777 /* SwiftUI.framework */,
			);
			name = Frameworks;
			sourceTree = "<group>";
		};
		257D2DA0293047E900F3A777 /* CountieWidget */ = {
			isa = PBXGroup;
			children = (
				257D2DA1293047E900F3A777 /* CountieWidgetBundle.swift */,
				257D2DA3293047E900F3A777 /* CountieWidget.swift */,
				257D2DA5293047F100F3A777 /* Assets.xcassets */,
				257D2DA7293047F100F3A777 /* Info.plist */,
			);
			path = CountieWidget;
			sourceTree = "<group>";
		};
/* End PBXGroup section */

/* Begin PBXNativeTarget section */
		257D2D84293047BD00F3A777 /* Countie */ = {
			isa = PBXNativeTarget;
			buildConfigurationList = 257D2D93293047BF00F3A777 /* Build configuration list for PBXNativeTarget "Countie" */;
			buildPhases = (
				257D2D81293047BD00F3A777 /* Sources */,
				257D2D82293047BD00F3A777 /* Frameworks */,
				257D2D83293047BD00F3A777 /* Resources */,
				257D2DAE293047F100F3A777 /* Embed Foundation Extensions */,
			);
			buildRules = (
			);
			dependencies = (
				257D2DA9293047F100F3A777 /* PBXTargetDependency */,
			);
			name = Countie;
			productName = Countie;
			productReference = 257D2D85293047BD00F3A777 /* Countie.app */;
			productType = "com.apple.product-type.application";
		};
		257D2D99293047E900F3A777 /* CountieWidgetExtension */ = {
			isa = PBXNativeTarget;
			buildConfigurationList = 257D2DAB293047F100F3A777 /* Build configuration list for PBXNativeTarget "CountieWidgetExtension" */;
			buildPhases = (
				257D2D96293047E900F3A777 /* Sources */,
				257D2D97293047E900F3A777 /* Frameworks */,
				257D2D98293047E900F3A777 /* Resources */,
			);
			buildRules = (
			);
			dependencies = (
			);
			name = CountieWidgetExtension;
			productName = CountieWidgetExtension;
			productReference = 257D2D9A293047E900F3A777 /* CountieWidgetExtension.appex */;
			productType = "com.apple.product-type.app-extension";
		};
/* End PBXNativeTarget section */

/* Begin PBXProject section */
		257D2D7D293047BD00F3A777 /* Project object */ = {
			isa = PBXProject;
			attributes = {
				BuildIndependentTargetsInParallel = 1;
				LastSwiftUpdateCheck = 1410;
				LastUpgradeCheck = 1410;
				TargetAttributes = {
					257D2D84293047BD00F3A777 = {
						CreatedOnToolsVersion = 14.1;
					};
					257D2D99293047E900F3A777 = {
						CreatedOnToolsVersion = 14.1;
					};
				};
			};
			buildConfigurationList = 257D2D80293047BD00F3A777 /* Build configuration list for PBXProject "Countie" */;
			compatibilityVersion = "Xcode 14.0";
			developmentRegion = en;
			hasScannedForEncodings = 0;
			knownRegions = (
				en,
				Base,
			);
			mainGroup = 257D2D7C293047BD00F3A777;
			productRefGroup = 257D2D86293047BD00F3A777 /* Products */;
			projectDirPath = "";
			projectRoot = "";
			targets = (
				257D2D84293047BD00F3A777 /* Countie */,
				257D2D99293047E900F3A777 /* CountieWidgetExtension */,
			);
		};
/* End PBXProject section */

/* Begin PBXResourcesBuildPhase section */
		257D2D83293047BD00F3A777 /* Resources */ = {
			isa = PBXResourcesBuildPhase;
			buildActionMask = 2147483647;
			files = (
				257D2D90293047BF00F3A777 /* Preview Assets.xcassets in Resources */,
				257D2D8D293047BF00F3A777 /* Assets.xcassets in Resources */,
			);
			runOnlyForDeploymentPostprocessing = 0;
		};
		257D2D98293047E900F3A777 /* Resources */ = {
			isa = PBXResourcesBuildPhase;
			buildActionMask = 2147483647;
			files = (
				257D2DA6293047F100F3A777 /* Assets.xcassets in Resources */,
			);
			runOnlyForDeploymentPostprocessing = 0;
		};
/* End PBXResourcesBuildPhase section */

/* Begin PBXSourcesBuildPhase section */
		257D2D81293047BD00F3A777 /* Sources */ = {
			isa = PBXSourcesBuildPhase;
			buildActionMask = 2147483647;
			files = (
				257D2D8B293047BD00F3A777 /* ContentView.swift in Sources */,
				257D2D89293047BD00F3A777 /* CountieApp.swift in Sources */,
			);
			runOnlyForDeploymentPostprocessing = 0;
		};
		257D2D96293047E900F3A777 /* Sources */ = {
			isa = PBXSourcesBuildPhase;
			buildActionMask = 2147483647;
			files = (
				257D2DA2293047E900F3A777 /* CountieWidgetBundle.swift in Sources */,
				257D2DA4293047E900F3A777 /* CountieWidget.swift in Sources */,
			);
			runOnlyForDeploymentPostprocessing = 0;
		};
/* End PBXSourcesBuildPhase section */

/* Begin PBXTargetDependency section */
		257D2DA9293047F100F3A777 /* PBXTargetDependency */ = {
			isa = PBXTargetDependency;
			target = 257D2D99293047E900F3A777 /* CountieWidgetExtension */;
			targetProxy = 257D2DA8293047F100F3A777 /* PBXContainerItemProxy */;
		};
/* End PBXTargetDependency section */

/* Begin XCBuildConfiguration section */
		257D2D91293047BF00F3A777 /* Debug */ = {
			isa = XCBuildConfiguration;
			buildSettings = {
				ALWAYS_SEARCH_USER_PATHS = NO;
				CLANG_ANALYZER_NONNULL = YES;
				CLANG_ANALYZER_NUMBER_OBJECT_CONVERSION = YES_AGGRESSIVE;
				CLANG_CXX_LANGUAGE_STANDARD = "gnu++20";
				CLANG_ENABLE_MODULES = YES;
				CLANG_ENABLE_OBJC_ARC = YES;
				CLANG_ENABLE_OBJC_WEAK = YES;
				CLANG_WARN_BLOCK_CAPTURE_AUTORELEASING = YES;
				CLANG_WARN_BOOL_CONVERSION = YES;
				CLANG_WARN_COMMA = YES;
				CLANG_WARN_CONSTANT_CONVERSION = YES;
				CLANG_WARN_DEPRECATED_OBJC_IMPLEMENTATIONS = YES;
				CLANG_WARN_DIRECT_OBJC_ISA_USAGE = YES_ERROR;
				CLANG_WARN_DOCUMENTATION_COMMENTS = YES;
				CLANG_WARN_EMPTY_BODY = YES;
				CLANG_WARN_ENUM_CONVERSION = YES;
				CLANG_WARN_INFINITE_RECURSION = YES;
				CLANG_WARN_INT_CONVERSION = YES;
				CLANG_WARN_NON_LITERAL_NULL_CONVERSION = YES;
				CLANG_WARN_OBJC_IMPLICIT_RETAIN_SELF = YES;
				CLANG_WARN_OBJC_LITERAL_CONVERSION = YES;
				CLANG_WARN_OBJC_ROOT_CLASS = YES_ERROR;
				CLANG_WARN_QUOTED_INCLUDE_IN_FRAMEWORK_HEADER = YES;
				CLANG_WARN_RANGE_LOOP_ANALYSIS = YES;
				CLANG_WARN_STRICT_PROTOTYPES = YES;
				CLANG_WARN_SUSPICIOUS_MOVE = YES;
				CLANG_WARN_UNGUARDED_AVAILABILITY = YES_AGGRESSIVE;
				CLANG_WARN_UNREACHABLE_CODE = YES;
				CLANG_WARN__DUPLICATE_METHOD_MATCH = YES;
				COPY_PHASE_STRIP = NO;
				DEBUG_INFORMATION_FORMAT = dwarf;
				ENABLE_STRICT_OBJC_MSGSEND = YES;
				ENABLE_TESTABILITY = YES;
				GCC_C_LANGUAGE_STANDARD = gnu11;
				GCC_DYNAMIC_NO_PIC = NO;
				GCC_NO_COMMON_BLOCKS = YES;
				GCC_OPTIMIZATION_LEVEL = 0;
				GCC_PREPROCESSOR_DEFINITIONS = (
					"DEBUG=1",
					"$(inherited)",
				);
				GCC_WARN_64_TO_32_BIT_CONVERSION = YES;
				GCC_WARN_ABOUT_RETURN_TYPE = YES_ERROR;
				GCC_WARN_UNDECLARED_SELECTOR = YES;
				GCC_WARN_UNINITIALIZED_AUTOS = YES_AGGRESSIVE;
				GCC_WARN_UNUSED_FUNCTION = YES;
				GCC_WARN_UNUSED_VARIABLE = YES;
				IPHONEOS_DEPLOYMENT_TARGET = 16.1;
				MTL_ENABLE_DEBUG_INFO = INCLUDE_SOURCE;
				MTL_FAST_MATH = YES;
				ONLY_ACTIVE_ARCH = YES;
				SDKROOT = iphoneos;
				SWIFT_ACTIVE_COMPILATION_CONDITIONS = DEBUG;
				SWIFT_OPTIMIZATION_LEVEL = "-Onone";
			};
			name = Debug;
		};
		257D2D92293047BF00F3A777 /* Release */ = {
			isa = XCBuildConfiguration;
			buildSettings = {
				ALWAYS_SEARCH_USER_PATHS = NO;
				CLANG_ANALYZER_NONNULL = YES;
				CLANG_ANALYZER_NUMBER_OBJECT_CONVERSION = YES_AGGRESSIVE;
				CLANG_CXX_LANGUAGE_STANDARD = "gnu++20";
				CLANG_ENABLE_MODULES = YES;
				CLANG_ENABLE_OBJC_ARC = YES;
				CLANG_ENABLE_OBJC_WEAK = YES;
				CLANG_WARN_BLOCK_CAPTURE_AUTORELEASING = YES;
				CLANG_WARN_BOOL_CONVERSION = YES;
				CLANG_WARN_COMMA = YES;
				CLANG_WARN_CONSTANT_CONVERSION = YES;
				CLANG_WARN_DEPRECATED_OBJC_IMPLEMENTATIONS = YES;
				CLANG_WARN_DIRECT_OBJC_ISA_USAGE = YES_ERROR;
				CLANG_WARN_DOCUMENTATION_COMMENTS = YES;
				CLANG_WARN_EMPTY_BODY = YES;
				CLANG_WARN_ENUM_CONVERSION = YES;
				CLANG_WARN_INFINITE_RECURSION = YES;
				CLANG_WARN_INT_CONVERSION = YES;
				CLANG_WARN_NON_LITERAL_NULL_CONVERSION = YES;
				CLANG_WARN_OBJC_IMPLICIT_RETAIN_SELF = YES;
				CLANG_WARN_OBJC_LITERAL_CONVERSION = YES;
				CLANG_WARN_OBJC_ROOT_CLASS = YES_ERROR;
				CLANG_WARN_QUOTED_INCLUDE_IN_FRAMEWORK_HEADER = YES;
				CLANG_WARN_RANGE_LOOP_ANALYSIS = YES;
				CLANG_WARN_STRICT_PROTOTYPES = YES;
				CLANG_WARN_SUSPICIOUS_MOVE = YES;
				CLANG_WARN_UNGUARDED_AVAILABILITY = YES_AGGRESSIVE;
				CLANG_WARN_UNREACHABLE_CODE = YES;
				CLANG_WARN__DUPLICATE_METHOD_MATCH = YES;
				COPY_PHASE_STRIP = NO;
				DEBUG_INFORMATION_FORMAT = "dwarf-with-dsym";
				ENABLE_NS_ASSERTIONS = NO;
				ENABLE_STRICT_OBJC_MSGSEND = YES;
				GCC_C_LANGUAGE_STANDARD = gnu11;
				GCC_NO_COMMON_BLOCKS = YES;
				GCC_WARN_64_TO_32_BIT_CONVERSION = YES;
				GCC_WARN_ABOUT_RETURN_TYPE = YES_ERROR;
				GCC_WARN_UNDECLARED_SELECTOR = YES;
				GCC_WARN_UNINITIALIZED_AUTOS = YES_AGGRESSIVE;
				GCC_WARN_UNUSED_FUNCTION = YES;
				GCC_WARN_UNUSED_VARIABLE = YES;
				IPHONEOS_DEPLOYMENT_TARGET = 16.1;
				MTL_ENABLE_DEBUG_INFO = NO;
				MTL_FAST_MATH = YES;
				SDKROOT = iphoneos;
				SWIFT_COMPILATION_MODE = wholemodule;
				SWIFT_OPTIMIZATION_LEVEL = "-O";
				VALIDATE_PRODUCT = YES;
			};
			name = Release;
		};
		257D2D94293047BF00F3A777 /* Debug */ = {
			isa = XCBuildConfiguration;
			buildSettings = {
				ALWAYS_EMBED_SWIFT_STANDARD_LIBRARIES = YES;
				ASSETCATALOG_COMPILER_APPICON_NAME = AppIcon;
				ASSETCATALOG_COMPILER_GLOBAL_ACCENT_COLOR_NAME = AccentColor;
				CODE_SIGN_ENTITLEMENTS = Countie/Countie.entitlements;
				CODE_SIGN_STYLE = Automatic;
				CURRENT_PROJECT_VERSION = 1;
				DEVELOPMENT_ASSET_PATHS = "\"Countie/Preview Content\"";
				DEVELOPMENT_TEAM = 4P4738NUTG;
				ENABLE_PREVIEWS = YES;
				GENERATE_INFOPLIST_FILE = YES;
				INFOPLIST_KEY_CFBundleDisplayName = Countie;
				INFOPLIST_KEY_UIApplicationSceneManifest_Generation = YES;
				INFOPLIST_KEY_UIApplicationSupportsIndirectInputEvents = YES;
				INFOPLIST_KEY_UILaunchScreen_Generation = YES;
				INFOPLIST_KEY_UISupportedInterfaceOrientations = UIInterfaceOrientationPortrait;
				INFOPLIST_KEY_UISupportedInterfaceOrientations_iPad = "UIInterfaceOrientationLandscapeLeft UIInterfaceOrientationLandscapeRight UIInterfaceOrientationPortrait UIInterfaceOrientationPortraitUpsideDown";
				LD_RUNPATH_SEARCH_PATHS = (
					"$(inherited)",
					"@executable_path/Frameworks",
				);
				MARKETING_VERSION = 1.0;
				PRODUCT_BUNDLE_IDENTIFIER = com.hectorcarrion.Countie;
				PRODUCT_NAME = "$(TARGET_NAME)";
				SUPPORTED_PLATFORMS = "iphoneos iphonesimulator";
				SUPPORTS_MACCATALYST = NO;
				SUPPORTS_MAC_DESIGNED_FOR_IPHONE_IPAD = NO;
				SWIFT_EMIT_LOC_STRINGS = YES;
				SWIFT_VERSION = 5.0;
				TARGETED_DEVICE_FAMILY = 1;
			};
			name = Debug;
		};
		257D2D95293047BF00F3A777 /* Release */ = {
			isa = XCBuildConfiguration;
			buildSettings = {
				ALWAYS_EMBED_SWIFT_STANDARD_LIBRARIES = YES;
				ASSETCATALOG_COMPILER_APPICON_NAME = AppIcon;
				ASSETCATALOG_COMPILER_GLOBAL_ACCENT_COLOR_NAME = AccentColor;
				CODE_SIGN_ENTITLEMENTS = Countie/Countie.entitlements;
				CODE_SIGN_STYLE = Automatic;
				CURRENT_PROJECT_VERSION = 1;
				DEVELOPMENT_ASSET_PATHS = "\"Countie/Preview Content\"";
				DEVELOPMENT_TEAM = 4P4738NUTG;
				ENABLE_PREVIEWS = YES;
				GENERATE_INFOPLIST_FILE = YES;
				INFOPLIST_KEY_CFBundleDisplayName = Countie;
				INFOPLIST_KEY_UIApplicationSceneManifest_Generation = YES;
				INFOPLIST_KEY_UIApplicationSupportsIndirectInputEvents = YES;
				INFOPLIST_KEY_UILaunchScreen_Generation = YES;
				INFOPLIST_KEY_UISupportedInterfaceOrientations = UIInterfaceOrientationPortrait;
				INFOPLIST_KEY_UISupportedInterfaceOrientations_iPad = "UIInterfaceOrientationLandscapeLeft UIInterfaceOrientationLandscapeRight UIInterfaceOrientationPortrait UIInterfaceOrientationPortraitUpsideDown";
				LD_RUNPATH_SEARCH_PATHS = (
					"$(inherited)",
					"@executable_path/Frameworks",
				);
				MARKETING_VERSION = 1.0;
				PRODUCT_BUNDLE_IDENTIFIER = com.hectorcarrion.Countie;
				PRODUCT_NAME = "$(TARGET_NAME)";
				SUPPORTED_PLATFORMS = "iphoneos iphonesimulator";
				SUPPORTS_MACCATALYST = NO;
				SUPPORTS_MAC_DESIGNED_FOR_IPHONE_IPAD = NO;
				SWIFT_EMIT_LOC_STRINGS = YES;
				SWIFT_VERSION = 5.0;
				TARGETED_DEVICE_FAMILY = 1;
			};
			name = Release;
		};
		257D2DAC293047F100F3A777 /* Debug */ = {
			isa = XCBuildConfiguration;
			buildSettings = {
				ASSETCATALOG_COMPILER_GLOBAL_ACCENT_COLOR_NAME = AccentColor;
				ASSETCATALOG_COMPILER_WIDGET_BACKGROUND_COLOR_NAME = WidgetBackground;
				CODE_SIGN_ENTITLEMENTS = CountieWidgetExtension.entitlements;
				CODE_SIGN_STYLE = Automatic;
				CURRENT_PROJECT_VERSION = 1;
				DEVELOPMENT_TEAM = 4P4738NUTG;
				GENERATE_INFOPLIST_FILE = YES;
				INFOPLIST_FILE = CountieWidget/Info.plist;
				INFOPLIST_KEY_CFBundleDisplayName = CountieWidget;
				INFOPLIST_KEY_NSHumanReadableCopyright = "";
				LD_RUNPATH_SEARCH_PATHS = (
					"$(inherited)",
					"@executable_path/Frameworks",
					"@executable_path/../../Frameworks",
				);
				MARKETING_VERSION = 1.0;
				PRODUCT_BUNDLE_IDENTIFIER = com.hectorcarrion.Countie.CountieWidget;
				PRODUCT_NAME = "$(TARGET_NAME)";
				SKIP_INSTALL = YES;
				SWIFT_EMIT_LOC_STRINGS = YES;
				SWIFT_VERSION = 5.0;
				TARGETED_DEVICE_FAMILY = "1,2";
			};
			name = Debug;
		};
		257D2DAD293047F100F3A777 /* Release */ = {
			isa = XCBuildConfiguration;
			buildSettings = {
				ASSETCATALOG_COMPILER_GLOBAL_ACCENT_COLOR_NAME = AccentColor;
				ASSETCATALOG_COMPILER_WIDGET_BACKGROUND_COLOR_NAME = WidgetBackground;
				CODE_SIGN_ENTITLEMENTS = CountieWidgetExtension.entitlements;
				CODE_SIGN_STYLE = Automatic;
				CURRENT_PROJECT_VERSION = 1;
				DEVELOPMENT_TEAM = 4P4738NUTG;
				GENERATE_INFOPLIST_FILE = YES;
				INFOPLIST_FILE = CountieWidget/Info.plist;
				INFOPLIST_KEY_CFBundleDisplayName = CountieWidget;
				INFOPLIST_KEY_NSHumanReadableCopyright = "";
				LD_RUNPATH_SEARCH_PATHS = (
					"$(inherited)",
					"@executable_path/Frameworks",
					"@executable_path/../../Frameworks",
				);
				MARKETING_VERSION = 1.0;
				PRODUCT_BUNDLE_IDENTIFIER = com.hectorcarrion.Countie.CountieWidget;
				PRODUCT_NAME = "$(TARGET_NAME)";
				SKIP_INSTALL = YES;
				SWIFT_EMIT_LOC_STRINGS = YES;
				SWIFT_VERSION = 5.0;
				TARGETED_DEVICE_FAMILY = "1,2";
			};
			name = Release;
		};
/* End XCBuildConfiguration section */

/* Begin XCConfigurationList section */
		257D2D80293047BD00F3A777 /* Build configuration list for PBXProject "Countie" */ = {
			isa = XCConfigurationList;
			buildConfigurations = (
				257D2D91293047BF00F3A777 /* Debug */,
				257D2D92293047BF00F3A777 /* Release */,
			);
			defaultConfigurationIsVisible = 0;
			defaultConfigurationName = Release;
		};
		257D2D93293047BF00F3A777 /* Build configuration list for PBXNativeTarget "Countie" */ = {
			isa = XCConfigurationList;
			buildConfigurations = (
				257D2D94293047BF00F3A777 /* Debug */,
				257D2D95293047BF00F3A777 /* Release */,
			);
			defaultConfigurationIsVisible = 0;
			defaultConfigurationName = Release;
		};
		257D2DAB293047F100F3A777 /* Build configuration list for PBXNativeTarget "CountieWidgetExtension" */ = {
			isa = XCConfigurationList;
			buildConfigurations = (
				257D2DAC293047F100F3A777 /* Debug */,
				257D2DAD293047F100F3A777 /* Release */,
			);
			defaultConfigurationIsVisible = 0;
			defaultConfigurationName = Release;
		};
/* End XCConfigurationList section */
	};
	rootObject = 257D2D7D293047BD00F3A777 /* Project object */;
}
